PODS:
  - Alamofire (4.9.0)
  - MergedSwiftPods (1.0.0)
  - Moya (13.0.1):
    - Moya/Core (= 13.0.1)
  - Moya/Core (13.0.1):
    - Alamofire (~> 4.1)
    - Result (~> 4.1)
  - Networking (1.0.0)
  - Result (4.1.0)
  - SwiftUtilPods (1.0.0)
  - UI (1.0.0)

DEPENDENCIES:
  - MergedSwiftPods (from `MergedPods/MergedSwiftPods`)
  - Moya
  - Networking (from `MergedPods/Networking`)
  - SwiftUtilPods (from `MergedPods/SwiftUtilPods`)
  - UI (from `MergedPods/UI`)

SPEC REPOS:
  trunk:
    - Alamofire
    - Moya
    - Result

EXTERNAL SOURCES:
  MergedSwiftPods:
    :path: MergedPods/MergedSwiftPods
  Networking:
    :path: MergedPods/Networking
  SwiftUtilPods:
    :path: MergedPods/SwiftUtilPods
  UI:
    :path: MergedPods/UI

SPEC CHECKSUMS:
  Alamofire: afc3e7c6db61476cb45cdd23fed06bad03bbc321
  MergedSwiftPods: 3eb331e4e97471520b4d82f76615095cc101fce3
  Moya: f4a4b80ff2f8a4ffc208dfb31cd91636622fee6e
  Networking: 844633d13d2328a829083b24ffaee99aea51c1de
  Result: bd966fac789cc6c1563440b348ab2598cc24d5c7
  SwiftUtilPods: 1415e0806030fbf5f2e8ef285b97ee1afb0ef1c9
  UI: 2aa82721ee430cd2f0ab314904bbe1a281fa2ff9

PODFILE CHECKSUM: 358eef7190835a26ce287a30aaedfa21a388025c

COCOAPODS: 1.8.1
